PODS:
  - AFNetworking (3.1.0):
    - AFNetworking/NSURLSession (= 3.1.0)
    - AFNetworking/Reachability (= 3.1.0)
    - AFNetworking/Security (= 3.1.0)
    - AFNetworking/Serialization (= 3.1.0)
    - AFNetworking/UIKit (= 3.1.0)
  - AFNetworking/NSURLSession (3.1.0):
    - AFNetworking/Reachability
    - AFNetworking/Security
    - AFNetworking/Serialization
  - AFNetworking/Reachability (3.1.0)
  - AFNetworking/Security (3.1.0)
  - AFNetworking/Serialization (3.1.0)
  - AFNetworking/UIKit (3.1.0):
    - AFNetworking/NSURLSession
  - BaiduMapKit (3.0.0)
  - CTMediator (12)
  - HandyFrame (1.1.3)
  - Masonry (1.0.2)
  - pop (1.0.10)

DEPENDENCIES:
  - AFNetworking (~> 3.0)
  - BaiduMapKit (~> 3.0.0)
  - CTMediator
  - HandyFrame
  - Masonry
  - pop (~> 1.0)

SPEC CHECKSUMS:
  AFNetworking: 5e0e199f73d8626b11e79750991f5d173d1f8b67
  BaiduMapKit: de2a726d5296d6b2dc0e974b683af73153608dcd
  CTMediator: 83043d198b7ea73214d53375adfdd7f60edd4c1a
  HandyFrame: 5fef3c197c383332d7d5c838b3f7a85ce2f8f9cc
  Masonry: 7c429b56da9d4ee0bbb3ed77a5ea710d6a5df39e
  pop: 82ca6b068ce9278fd350fd9dd09482a0ce9492e6

PODFILE CHECKSUM: fa02880194436fe51a4c78cbb7c03f2c7e417164

COCOAPODS: 1.3.1
