// !$*UTF8*$!
{
	archiveVersion = 1;
	classes = {
	};
	objectVersion = 46;
	objects = {

/* Begin PBXBuildFile section */
		2325D94F1F8B1337005C4208 /* CutImage.bundle in Resources */ = {isa = PBXBuildFile; fileRef = 2325D94E1F8B1337005C4208 /* CutImage.bundle */; };
		23268629212FFC550059AFC3 /* UIControl+JSA.m in Sources */ = {isa = PBXBuildFile; fileRef = 23268628212FFC550059AFC3 /* UIControl+JSA.m */; };
		2345FB291FD782FA003E54A0 /* AlgorithmTestVC.m in Sources */ = {isa = PBXBuildFile; fileRef = 2345FB281FD782FA003E54A0 /* AlgorithmTestVC.m */; };
		2350A11320D9F574004B9CA0 /* AmountView.m in Sources */ = {isa = PBXBuildFile; fileRef = 2350A11220D9F574004B9CA0 /* AmountView.m */; };
		235ECC542051256700BE5DB1 /* BannerViewController.m in Sources */ = {isa = PBXBuildFile; fileRef = 235ECC532051256700BE5DB1 /* BannerViewController.m */; };
		23798E2B20513F7E00FF2934 /* ZYBannerCell.m in Sources */ = {isa = PBXBuildFile; fileRef = 23798E2520513F7E00FF2934 /* ZYBannerCell.m */; };
		23798E2C20513F7E00FF2934 /* ZYBannerFooter.m in Sources */ = {isa = PBXBuildFile; fileRef = 23798E2720513F7E00FF2934 /* ZYBannerFooter.m */; };
		23798E2D20513F7E00FF2934 /* ZYBannerView.bundle in Resources */ = {isa = PBXBuildFile; fileRef = 23798E2820513F7E00FF2934 /* ZYBannerView.bundle */; };
		23798E2E20513F7E00FF2934 /* ZYBannerView.m in Sources */ = {isa = PBXBuildFile; fileRef = 23798E2A20513F7E00FF2934 /* ZYBannerView.m */; };
		23798E342051406900FF2934 /* ad_0.jpg in Resources */ = {isa = PBXBuildFile; fileRef = 23798E302051406900FF2934 /* ad_0.jpg */; };
		23798E352051406900FF2934 /* ad_1.jpg in Resources */ = {isa = PBXBuildFile; fileRef = 23798E312051406900FF2934 /* ad_1.jpg */; };
		23798E362051406900FF2934 /* ad_2.jpg in Resources */ = {isa = PBXBuildFile; fileRef = 23798E322051406900FF2934 /* ad_2.jpg */; };
		23798E372051406900FF2934 /* demo.gif in Resources */ = {isa = PBXBuildFile; fileRef = 23798E332051406900FF2934 /* demo.gif */; };
		23927EA81A7F4538009ABF38 /* main.m in Sources */ = {isa = PBXBuildFile; fileRef = 23927EA71A7F4538009ABF38 /* main.m */; };
		23927EAB1A7F4538009ABF38 /* AppDelegate.m in Sources */ = {isa = PBXBuildFile; fileRef = 23927EAA1A7F4538009ABF38 /* AppDelegate.m */; };
		23927EAD1A7F4538009ABF38 /* Images.xcassets in Resources */ = {isa = PBXBuildFile; fileRef = 23927EAC1A7F4538009ABF38 /* Images.xcassets */; };
		23927EB01A7F4538009ABF38 /* LaunchScreen.xib in Resources */ = {isa = PBXBuildFile; fileRef = 23927EAE1A7F4538009ABF38 /* LaunchScreen.xib */; };
		23927EBC1A7F4538009ABF38 /* TestDemoTests.m in Sources */ = {isa = PBXBuildFile; fileRef = 23927EBB1A7F4538009ABF38 /* TestDemoTests.m */; };
		23927EC71A7F457D009ABF38 /* MainViewController.m in Sources */ = {isa = PBXBuildFile; fileRef = 23927EC61A7F457D009ABF38 /* MainViewController.m */; };
		2396EE4221FF0E82004611FE /* FlowViewController.m in Sources */ = {isa = PBXBuildFile; fileRef = 2396EE4121FF0E82004611FE /* FlowViewController.m */; };
		2396EE462200390C004611FE /* FlowViewCell.m in Sources */ = {isa = PBXBuildFile; fileRef = 2396EE452200390C004611FE /* FlowViewCell.m */; };
		2396EE4922003BA0004611FE /* FlowViewLayout.m in Sources */ = {isa = PBXBuildFile; fileRef = 2396EE4822003BA0004611FE /* FlowViewLayout.m */; };
		239BD3121AA5B64F0028ED05 /* playerviewlib.bundle in Resources */ = {isa = PBXBuildFile; fileRef = 239BD3111AA5B64F0028ED05 /* playerviewlib.bundle */; };
		239F7F341AA018A600BC7FF1 /* FloatWindowViewController.m in Sources */ = {isa = PBXBuildFile; fileRef = 239F7F331AA018A600BC7FF1 /* FloatWindowViewController.m */; };
		239F7F371AA018EA00BC7FF1 /* PopView.m in Sources */ = {isa = PBXBuildFile; fileRef = 239F7F361AA018EA00BC7FF1 /* PopView.m */; };
		239F7F3B1AA020C300BC7FF1 /* EventKitTestViewController.m in Sources */ = {isa = PBXBuildFile; fileRef = 239F7F3A1AA020C300BC7FF1 /* EventKitTestViewController.m */; };
		239F7F461AA042E100BC7FF1 /* CollectionTestViewController.m in Sources */ = {isa = PBXBuildFile; fileRef = 239F7F451AA042E100BC7FF1 /* CollectionTestViewController.m */; };
		239F7F491AA043BC00BC7FF1 /* CollectionCell.m in Sources */ = {isa = PBXBuildFile; fileRef = 239F7F481AA043BC00BC7FF1 /* CollectionCell.m */; };
		239F7F4A1AA0470600BC7FF1 /* EventKit.framework in Frameworks */ = {isa = PBXBuildFile; fileRef = 239F7F3C1AA03ECB00BC7FF1 /* EventKit.framework */; };
		239F7F4B1AA0470600BC7FF1 /* EventKitUI.framework in Frameworks */ = {isa = PBXBuildFile; fileRef = 239F7F3D1AA03ECB00BC7FF1 /* EventKitUI.framework */; };
		239F7F531AA06E2D00BC7FF1 /* PlayerView.m in Sources */ = {isa = PBXBuildFile; fileRef = 239F7F521AA06E2D00BC7FF1 /* PlayerView.m */; };
		23A0FDA91FFE087300C5ADD0 /* SwiftTest.swift in Sources */ = {isa = PBXBuildFile; fileRef = 23A0FDA81FFE087300C5ADD0 /* SwiftTest.swift */; };
		23A0FDAC1FFE305700C5ADD0 /* SwiftOCTest.m in Sources */ = {isa = PBXBuildFile; fileRef = 23A0FDAB1FFE305700C5ADD0 /* SwiftOCTest.m */; };
		23D1FC04221A5A6C00674B4E /* ZYTextInputView.m in Sources */ = {isa = PBXBuildFile; fileRef = 23D1FC03221A5A6C00674B4E /* ZYTextInputView.m */; };
		23D1FC07221A5B5F00674B4E /* ZYTextInputViewController.m in Sources */ = {isa = PBXBuildFile; fileRef = 23D1FC06221A5B5F00674B4E /* ZYTextInputViewController.m */; };
		23DB02DF20D393EE00DBEAE8 /* SwipCollectionViewController.m in Sources */ = {isa = PBXBuildFile; fileRef = 23DB02DE20D393EE00DBEAE8 /* SwipCollectionViewController.m */; };
		23DB02E220D3940700DBEAE8 /* SwipCollectionViewCell.m in Sources */ = {isa = PBXBuildFile; fileRef = 23DB02E120D3940700DBEAE8 /* SwipCollectionViewCell.m */; };
		23DB02E520D3943800DBEAE8 /* ZLCSwipeCollectionViewCell.m in Sources */ = {isa = PBXBuildFile; fileRef = 23DB02E320D3943800DBEAE8 /* ZLCSwipeCollectionViewCell.m */; };
		23F11E281F7E2DF0004E2649 /* CutImageViewController.m in Sources */ = {isa = PBXBuildFile; fileRef = 23F11E271F7E2DF0004E2649 /* CutImageViewController.m */; };
		23F11E2B1F7E3158004E2649 /* CutImageView.m in Sources */ = {isa = PBXBuildFile; fileRef = 23F11E2A1F7E3158004E2649 /* CutImageView.m */; };
		33166CAE1B0990B50033DE81 /* DLAlertViewController.m in Sources */ = {isa = PBXBuildFile; fileRef = 33166CAD1B0990B50033DE81 /* DLAlertViewController.m */; };
		33166CB11B09AF6A0033DE81 /* DLAlertView.m in Sources */ = {isa = PBXBuildFile; fileRef = 33166CB01B09AF6A0033DE81 /* DLAlertView.m */; };
		3318A32A1D52CA2C003FBF6A /* JavaScriptCore.framework in Frameworks */ = {isa = PBXBuildFile; fileRef = 3318A3291D52CA2C003FBF6A /* JavaScriptCore.framework */; };
		336137991E0BCB1B001E4A6E /* SugerNetworkFramework.framework in Frameworks */ = {isa = PBXBuildFile; fileRef = 336137981E0BCB1B001E4A6E /* SugerNetworkFramework.framework */; };
		3376D7651B67564F00B0DE06 /* LimitTextInput.m in Sources */ = {isa = PBXBuildFile; fileRef = 3376D7641B67564F00B0DE06 /* LimitTextInput.m */; };
		3376D7711B6766FD00B0DE06 /* LimitInputViewController.m in Sources */ = {isa = PBXBuildFile; fileRef = 3376D7701B6766FD00B0DE06 /* LimitInputViewController.m */; };
		33DCA5291EB88746008BFD65 /* UITabBar+Utility.m in Sources */ = {isa = PBXBuildFile; fileRef = 33DCA5281EB88746008BFD65 /* UITabBar+Utility.m */; };
		33E8B5B91BE0A43A00A27367 /* ScrollTextViewController.m in Sources */ = {isa = PBXBuildFile; fileRef = 33E8B5B81BE0A43A00A27367 /* ScrollTextViewController.m */; };
		33ECBDF31F304C7E0063A3A8 /* DLApi.m in Sources */ = {isa = PBXBuildFile; fileRef = 33ECBDF21F304C7E0063A3A8 /* DLApi.m */; };
		33ECBDF61F304EB90063A3A8 /* DLApiObject.m in Sources */ = {isa = PBXBuildFile; fileRef = 33ECBDF51F304EB90063A3A8 /* DLApiObject.m */; };
		33F0B47A1D88EC60002A63E6 /* NetworkTest.m in Sources */ = {isa = PBXBuildFile; fileRef = 33F0B4791D88EC60002A63E6 /* NetworkTest.m */; };
		33F0B47F1D8926C7002A63E6 /* ftserver.cer in Resources */ = {isa = PBXBuildFile; fileRef = 33F0B47E1D8926C7002A63E6 /* ftserver.cer */; };
		33FCCA6D1DD9A2130001BD27 /* WebViewController.m in Sources */ = {isa = PBXBuildFile; fileRef = 33FCCA6C1DD9A2130001BD27 /* WebViewController.m */; };
		33FCCA6F1DDAEE1F0001BD27 /* gwmamserver.cer in Resources */ = {isa = PBXBuildFile; fileRef = 33FCCA6E1DDAEE1F0001BD27 /* gwmamserver.cer */; };
		33FCD6201B146919008A0292 /* TestFiles in Resources */ = {isa = PBXBuildFile; fileRef = 33FCD61F1B146919008A0292 /* TestFiles */; };
		33FCD6261B1D37DA008A0292 /* GAndATestViewController.m in Sources */ = {isa = PBXBuildFile; fileRef = 33FCD6251B1D37DA008A0292 /* GAndATestViewController.m */; };
		33FCD6291B1D3833008A0292 /* GraphicsTestView.m in Sources */ = {isa = PBXBuildFile; fileRef = 33FCD6281B1D3833008A0292 /* GraphicsTestView.m */; };
		33FCD62C1B1D3843008A0292 /* AnimationTestView.m in Sources */ = {isa = PBXBuildFile; fileRef = 33FCD62B1B1D3843008A0292 /* AnimationTestView.m */; };
		B574EF671ABBE95C0046F300 /* deleteChar@2x.png in Resources */ = {isa = PBXBuildFile; fileRef = B574EF661ABBE95C0046F300 /* deleteChar@2x.png */; };
		B574EF6B1ABBEA4D0046F300 /* capsLock@2x.png in Resources */ = {isa = PBXBuildFile; fileRef = B574EF6A1ABBEA4D0046F300 /* capsLock@2x.png */; };
		B574EF6F1ABC076C0046F300 /* PlayerViewController.m in Sources */ = {isa = PBXBuildFile; fileRef = B574EF6E1ABC076C0046F300 /* PlayerViewController.m */; };
		B574EF751ABFAD470046F300 /* capsLockUpper@2x.png in Resources */ = {isa = PBXBuildFile; fileRef = B574EF741ABFAD470046F300 /* capsLockUpper@2x.png */; };
		B5A981801AB82C3700EDFAD1 /* KeyBoardViewController.m in Sources */ = {isa = PBXBuildFile; fileRef = B5A9817F1AB82C3700EDFAD1 /* KeyBoardViewController.m */; };
		B5A981831AB84A0E00EDFAD1 /* RandomKeyBoardView.m in Sources */ = {isa = PBXBuildFile; fileRef = B5A981821AB84A0E00EDFAD1 /* RandomKeyBoardView.m */; };
		C2617A9320916F2500CFEEDD /* HorizontalViewController.m in Sources */ = {isa = PBXBuildFile; fileRef = C2617A9220916F2500CFEEDD /* HorizontalViewController.m */; };
		C9D42F76A3677742264BF9A3 /* Pods_TestDemo.framework in Frameworks */ = {isa = PBXBuildFile; fileRef = 698D173C9C8E567866D59F88 /* Pods_TestDemo.framework */; };
/* End PBXBuildFile section */

/* Begin PBXContainerItemProxy section */
		23927EB61A7F4538009ABF38 /* PBXContainerItemProxy */ = {
			isa = PBXContainerItemProxy;
			containerPortal = 23927E9A1A7F4538009ABF38 /* Project object */;
			proxyType = 1;
			remoteGlobalIDString = 23927EA11A7F4538009ABF38;
			remoteInfo = TestDemo;
		};
/* End PBXContainerItemProxy section */

/* Begin PBXFileReference section */
		2325D94E1F8B1337005C4208 /* CutImage.bundle */ = {isa = PBXFileReference; lastKnownFileType = "wrapper.plug-in"; path = CutImage.bundle; sourceTree = "<group>"; };
		23268627212FFC550059AFC3 /* UIControl+JSA.h */ = {isa = PBXFileReference; lastKnownFileType = sourcecode.c.h; path = "UIControl+JSA.h"; sourceTree = "<group>"; };
		23268628212FFC550059AFC3 /* UIControl+JSA.m */ = {isa = PBXFileReference; lastKnownFileType = sourcecode.c.objc; path = "UIControl+JSA.m"; sourceTree = "<group>"; };
		2345FB271FD782FA003E54A0 /* AlgorithmTestVC.h */ = {isa = PBXFileReference; lastKnownFileType = sourcecode.c.h; path = AlgorithmTestVC.h; sourceTree = "<group>"; };
		2345FB281FD782FA003E54A0 /* AlgorithmTestVC.m */ = {isa = PBXFileReference; lastKnownFileType = sourcecode.c.objc; path = AlgorithmTestVC.m; sourceTree = "<group>"; };
		2345FB2A1FD78586003E54A0 /* PrefixHeader.pch */ = {isa = PBXFileReference; lastKnownFileType = sourcecode.c.h; path = PrefixHeader.pch; sourceTree = "<group>"; };
		2350A11120D9F574004B9CA0 /* AmountView.h */ = {isa = PBXFileReference; lastKnownFileType = sourcecode.c.h; path = AmountView.h; sourceTree = "<group>"; };
		2350A11220D9F574004B9CA0 /* AmountView.m */ = {isa = PBXFileReference; lastKnownFileType = sourcecode.c.objc; path = AmountView.m; sourceTree = "<group>"; };
		2350A11420D9F62F004B9CA0 /* Definition.h */ = {isa = PBXFileReference; lastKnownFileType = sourcecode.c.h; path = Definition.h; sourceTree = "<group>"; };
		235ECC522051256700BE5DB1 /* BannerViewController.h */ = {isa = PBXFileReference; lastKnownFileType = sourcecode.c.h; path = BannerViewController.h; sourceTree = "<group>"; };
		235ECC532051256700BE5DB1 /* BannerViewController.m */ = {isa = PBXFileReference; lastKnownFileType = sourcecode.c.objc; path = BannerViewController.m; sourceTree = "<group>"; };
		23798E2420513F7E00FF2934 /* ZYBannerCell.h */ = {isa = PBXFileReference; fileEncoding = 4; lastKnownFileType = sourcecode.c.h; path = ZYBannerCell.h; sourceTree = "<group>"; };
		23798E2520513F7E00FF2934 /* ZYBannerCell.m */ = {isa = PBXFileReference; fileEncoding = 4; lastKnownFileType = sourcecode.c.objc; path = ZYBannerCell.m; sourceTree = "<group>"; };
		23798E2620513F7E00FF2934 /* ZYBannerFooter.h */ = {isa = PBXFileReference; fileEncoding = 4; lastKnownFileType = sourcecode.c.h; path = ZYBannerFooter.h; sourceTree = "<group>"; };
		23798E2720513F7E00FF2934 /* ZYBannerFooter.m */ = {isa = PBXFileReference; fileEncoding = 4; lastKnownFileType = sourcecode.c.objc; path = ZYBannerFooter.m; sourceTree = "<group>"; };
		23798E2820513F7E00FF2934 /* ZYBannerView.bundle */ = {isa = PBXFileReference; lastKnownFileType = "wrapper.plug-in"; path = ZYBannerView.bundle; sourceTree = "<group>"; };
		23798E2920513F7E00FF2934 /* ZYBannerView.h */ = {isa = PBXFileReference; fileEncoding = 4; lastKnownFileType = sourcecode.c.h; path = ZYBannerView.h; sourceTree = "<group>"; };
		23798E2A20513F7E00FF2934 /* ZYBannerView.m */ = {isa = PBXFileReference; fileEncoding = 4; lastKnownFileType = sourcecode.c.objc; path = ZYBannerView.m; sourceTree = "<group>"; };
		23798E302051406900FF2934 /* ad_0.jpg */ = {isa = PBXFileReference; lastKnownFileType = image.jpeg; path = ad_0.jpg; sourceTree = "<group>"; };
		23798E312051406900FF2934 /* ad_1.jpg */ = {isa = PBXFileReference; lastKnownFileType = image.jpeg; path = ad_1.jpg; sourceTree = "<group>"; };
		23798E322051406900FF2934 /* ad_2.jpg */ = {isa = PBXFileReference; lastKnownFileType = image.jpeg; path = ad_2.jpg; sourceTree = "<group>"; };
		23798E332051406900FF2934 /* demo.gif */ = {isa = PBXFileReference; lastKnownFileType = image.gif; path = demo.gif; sourceTree = "<group>"; };
		23927EA21A7F4538009ABF38 /* TestDemo.app */ = {isa = PBXFileReference; explicitFileType = wrapper.application; includeInIndex = 0; path = TestDemo.app; sourceTree = BUILT_PRODUCTS_DIR; };
		23927EA61A7F4538009ABF38 /* Info.plist */ = {isa = PBXFileReference; lastKnownFileType = text.plist.xml; path = Info.plist; sourceTree = "<group>"; };
		23927EA71A7F4538009ABF38 /* main.m */ = {isa = PBXFileReference; lastKnownFileType = sourcecode.c.objc; path = main.m; sourceTree = "<group>"; };
		23927EA91A7F4538009ABF38 /* AppDelegate.h */ = {isa = PBXFileReference; lastKnownFileType = sourcecode.c.h; path = AppDelegate.h; sourceTree = "<group>"; };
		23927EAA1A7F4538009ABF38 /* AppDelegate.m */ = {isa = PBXFileReference; lastKnownFileType = sourcecode.c.objc; path = AppDelegate.m; sourceTree = "<group>"; };
		23927EAC1A7F4538009ABF38 /* Images.xcassets */ = {isa = PBXFileReference; lastKnownFileType = folder.assetcatalog; path = Images.xcassets; sourceTree = "<group>"; };
		23927EAF1A7F4538009ABF38 /* Base */ = {isa = PBXFileReference; lastKnownFileType = file.xib; name = Base; path = Base.lproj/LaunchScreen.xib; sourceTree = "<group>"; };
		23927EB51A7F4538009ABF38 /* TestDemoTests.xctest */ = {isa = PBXFileReference; explicitFileType = wrapper.cfbundle; includeInIndex = 0; path = TestDemoTests.xctest; sourceTree = BUILT_PRODUCTS_DIR; };
		23927EBA1A7F4538009ABF38 /* Info.plist */ = {isa = PBXFileReference; lastKnownFileType = text.plist.xml; path = Info.plist; sourceTree = "<group>"; };
		23927EBB1A7F4538009ABF38 /* TestDemoTests.m */ = {isa = PBXFileReference; lastKnownFileType = sourcecode.c.objc; path = TestDemoTests.m; sourceTree = "<group>"; };
		23927EC51A7F457D009ABF38 /* MainViewController.h */ = {isa = PBXFileReference; fileEncoding = 4; lastKnownFileType = sourcecode.c.h; path = MainViewController.h; sourceTree = "<group>"; };
		23927EC61A7F457D009ABF38 /* MainViewController.m */ = {isa = PBXFileReference; fileEncoding = 4; lastKnownFileType = sourcecode.c.objc; path = MainViewController.m; sourceTree = "<group>"; };
		2396EE4021FF0E82004611FE /* FlowViewController.h */ = {isa = PBXFileReference; lastKnownFileType = sourcecode.c.h; path = FlowViewController.h; sourceTree = "<group>"; };
		2396EE4121FF0E82004611FE /* FlowViewController.m */ = {isa = PBXFileReference; lastKnownFileType = sourcecode.c.objc; path = FlowViewController.m; sourceTree = "<group>"; };
		2396EE442200390C004611FE /* FlowViewCell.h */ = {isa = PBXFileReference; lastKnownFileType = sourcecode.c.h; path = FlowViewCell.h; sourceTree = "<group>"; };
		2396EE452200390C004611FE /* FlowViewCell.m */ = {isa = PBXFileReference; lastKnownFileType = sourcecode.c.objc; path = FlowViewCell.m; sourceTree = "<group>"; };
		2396EE4722003BA0004611FE /* FlowViewLayout.h */ = {isa = PBXFileReference; lastKnownFileType = sourcecode.c.h; path = FlowViewLayout.h; sourceTree = "<group>"; };
		2396EE4822003BA0004611FE /* FlowViewLayout.m */ = {isa = PBXFileReference; lastKnownFileType = sourcecode.c.objc; path = FlowViewLayout.m; sourceTree = "<group>"; };
		239BD3111AA5B64F0028ED05 /* playerviewlib.bundle */ = {isa = PBXFileReference; lastKnownFileType = "wrapper.plug-in"; path = playerviewlib.bundle; sourceTree = "<group>"; };
		239F7F321AA018A600BC7FF1 /* FloatWindowViewController.h */ = {isa = PBXFileReference; fileEncoding = 4; lastKnownFileType = sourcecode.c.h; path = FloatWindowViewController.h; sourceTree = "<group>"; };
		239F7F331AA018A600BC7FF1 /* FloatWindowViewController.m */ = {isa = PBXFileReference; fileEncoding = 4; lastKnownFileType = sourcecode.c.objc; path = FloatWindowViewController.m; sourceTree = "<group>"; };
		239F7F351AA018EA00BC7FF1 /* PopView.h */ = {isa = PBXFileReference; fileEncoding = 4; lastKnownFileType = sourcecode.c.h; path = PopView.h; sourceTree = "<group>"; };
		239F7F361AA018EA00BC7FF1 /* PopView.m */ = {isa = PBXFileReference; fileEncoding = 4; lastKnownFileType = sourcecode.c.objc; path = PopView.m; sourceTree = "<group>"; };
		239F7F391AA020C300BC7FF1 /* EventKitTestViewController.h */ = {isa = PBXFileReference; fileEncoding = 4; lastKnownFileType = sourcecode.c.h; path = EventKitTestViewController.h; sourceTree = "<group>"; };
		239F7F3A1AA020C300BC7FF1 /* EventKitTestViewController.m */ = {isa = PBXFileReference; fileEncoding = 4; lastKnownFileType = sourcecode.c.objc; path = EventKitTestViewController.m; sourceTree = "<group>"; };
		239F7F3C1AA03ECB00BC7FF1 /* EventKit.framework */ = {isa = PBXFileReference; lastKnownFileType = wrapper.framework; name = EventKit.framework; path = System/Library/Frameworks/EventKit.framework; sourceTree = SDKROOT; };
		239F7F3D1AA03ECB00BC7FF1 /* EventKitUI.framework */ = {isa = PBXFileReference; lastKnownFileType = wrapper.framework; name = EventKitUI.framework; path = System/Library/Frameworks/EventKitUI.framework; sourceTree = SDKROOT; };
		239F7F441AA042E100BC7FF1 /* CollectionTestViewController.h */ = {isa = PBXFileReference; fileEncoding = 4; lastKnownFileType = sourcecode.c.h; path = CollectionTestViewController.h; sourceTree = "<group>"; };
		239F7F451AA042E100BC7FF1 /* CollectionTestViewController.m */ = {isa = PBXFileReference; fileEncoding = 4; lastKnownFileType = sourcecode.c.objc; path = CollectionTestViewController.m; sourceTree = "<group>"; };
		239F7F471AA043BC00BC7FF1 /* CollectionCell.h */ = {isa = PBXFileReference; fileEncoding = 4; lastKnownFileType = sourcecode.c.h; path = CollectionCell.h; sourceTree = "<group>"; };
		239F7F481AA043BC00BC7FF1 /* CollectionCell.m */ = {isa = PBXFileReference; fileEncoding = 4; lastKnownFileType = sourcecode.c.objc; path = CollectionCell.m; sourceTree = "<group>"; };
		239F7F511AA06E2D00BC7FF1 /* PlayerView.h */ = {isa = PBXFileReference; fileEncoding = 4; lastKnownFileType = sourcecode.c.h; path = PlayerView.h; sourceTree = "<group>"; };
		239F7F521AA06E2D00BC7FF1 /* PlayerView.m */ = {isa = PBXFileReference; fileEncoding = 4; lastKnownFileType = sourcecode.c.objc; path = PlayerView.m; sourceTree = "<group>"; };
		239F7F541AA1A05A00BC7FF1 /* PlayerViewController.h */ = {isa = PBXFileReference; fileEncoding = 4; lastKnownFileType = sourcecode.c.h; path = PlayerViewController.h; sourceTree = "<group>"; };
		23A0FDA71FFE087200C5ADD0 /* TestDemo-Bridging-Header.h */ = {isa = PBXFileReference; lastKnownFileType = sourcecode.c.h; path = "TestDemo-Bridging-Header.h"; sourceTree = "<group>"; };
		23A0FDA81FFE087300C5ADD0 /* SwiftTest.swift */ = {isa = PBXFileReference; lastKnownFileType = sourcecode.swift; path = SwiftTest.swift; sourceTree = "<group>"; };
		23A0FDAA1FFE305700C5ADD0 /* SwiftOCTest.h */ = {isa = PBXFileReference; lastKnownFileType = sourcecode.c.h; path = SwiftOCTest.h; sourceTree = "<group>"; };
		23A0FDAB1FFE305700C5ADD0 /* SwiftOCTest.m */ = {isa = PBXFileReference; lastKnownFileType = sourcecode.c.objc; path = SwiftOCTest.m; sourceTree = "<group>"; };
		23D1FC02221A5A6C00674B4E /* ZYTextInputView.h */ = {isa = PBXFileReference; lastKnownFileType = sourcecode.c.h; path = ZYTextInputView.h; sourceTree = "<group>"; };
		23D1FC03221A5A6C00674B4E /* ZYTextInputView.m */ = {isa = PBXFileReference; lastKnownFileType = sourcecode.c.objc; path = ZYTextInputView.m; sourceTree = "<group>"; };
		23D1FC05221A5B5F00674B4E /* ZYTextInputViewController.h */ = {isa = PBXFileReference; lastKnownFileType = sourcecode.c.h; path = ZYTextInputViewController.h; sourceTree = "<group>"; };
		23D1FC06221A5B5F00674B4E /* ZYTextInputViewController.m */ = {isa = PBXFileReference; lastKnownFileType = sourcecode.c.objc; path = ZYTextInputViewController.m; sourceTree = "<group>"; };
		23DB02DD20D393EE00DBEAE8 /* SwipCollectionViewController.h */ = {isa = PBXFileReference; lastKnownFileType = sourcecode.c.h; path = SwipCollectionViewController.h; sourceTree = "<group>"; };
		23DB02DE20D393EE00DBEAE8 /* SwipCollectionViewController.m */ = {isa = PBXFileReference; lastKnownFileType = sourcecode.c.objc; path = SwipCollectionViewController.m; sourceTree = "<group>"; };
		23DB02E020D3940700DBEAE8 /* SwipCollectionViewCell.h */ = {isa = PBXFileReference; lastKnownFileType = sourcecode.c.h; path = SwipCollectionViewCell.h; sourceTree = "<group>"; };
		23DB02E120D3940700DBEAE8 /* SwipCollectionViewCell.m */ = {isa = PBXFileReference; lastKnownFileType = sourcecode.c.objc; path = SwipCollectionViewCell.m; sourceTree = "<group>"; };
		23DB02E320D3943800DBEAE8 /* ZLCSwipeCollectionViewCell.m */ = {isa = PBXFileReference; fileEncoding = 4; lastKnownFileType = sourcecode.c.objc; path = ZLCSwipeCollectionViewCell.m; sourceTree = "<group>"; };
		23DB02E420D3943800DBEAE8 /* ZLCSwipeCollectionViewCell.h */ = {isa = PBXFileReference; fileEncoding = 4; lastKnownFileType = sourcecode.c.h; path = ZLCSwipeCollectionViewCell.h; sourceTree = "<group>"; };
		23F11E261F7E2DF0004E2649 /* CutImageViewController.h */ = {isa = PBXFileReference; fileEncoding = 4; lastKnownFileType = sourcecode.c.h; path = CutImageViewController.h; sourceTree = "<group>"; };
		23F11E271F7E2DF0004E2649 /* CutImageViewController.m */ = {isa = PBXFileReference; fileEncoding = 4; lastKnownFileType = sourcecode.c.objc; path = CutImageViewController.m; sourceTree = "<group>"; };
		23F11E291F7E3158004E2649 /* CutImageView.h */ = {isa = PBXFileReference; fileEncoding = 4; lastKnownFileType = sourcecode.c.h; path = CutImageView.h; sourceTree = "<group>"; };
		23F11E2A1F7E3158004E2649 /* CutImageView.m */ = {isa = PBXFileReference; fileEncoding = 4; lastKnownFileType = sourcecode.c.objc; path = CutImageView.m; sourceTree = "<group>"; };
		33166CAC1B0990B50033DE81 /* DLAlertViewController.h */ = {isa = PBXFileReference; fileEncoding = 4; lastKnownFileType = sourcecode.c.h; path = DLAlertViewController.h; sourceTree = "<group>"; };
		33166CAD1B0990B50033DE81 /* DLAlertViewController.m */ = {isa = PBXFileReference; fileEncoding = 4; lastKnownFileType = sourcecode.c.objc; path = DLAlertViewController.m; sourceTree = "<group>"; };
		33166CAF1B09AF6A0033DE81 /* DLAlertView.h */ = {isa = PBXFileReference; fileEncoding = 4; lastKnownFileType = sourcecode.c.h; path = DLAlertView.h; sourceTree = "<group>"; };
		33166CB01B09AF6A0033DE81 /* DLAlertView.m */ = {isa = PBXFileReference; fileEncoding = 4; lastKnownFileType = sourcecode.c.objc; path = DLAlertView.m; sourceTree = "<group>"; };
		3318A3291D52CA2C003FBF6A /* JavaScriptCore.framework */ = {isa = PBXFileReference; lastKnownFileType = wrapper.framework; name = JavaScriptCore.framework; path = System/Library/Frameworks/JavaScriptCore.framework; sourceTree = SDKROOT; };
		336137981E0BCB1B001E4A6E /* SugerNetworkFramework.framework */ = {isa = PBXFileReference; lastKnownFileType = wrapper.framework; path = SugerNetworkFramework.framework; sourceTree = "<group>"; };
		3376D7631B67564F00B0DE06 /* LimitTextInput.h */ = {isa = PBXFileReference; fileEncoding = 4; lastKnownFileType = sourcecode.c.h; path = LimitTextInput.h; sourceTree = "<group>"; };
		3376D7641B67564F00B0DE06 /* LimitTextInput.m */ = {isa = PBXFileReference; fileEncoding = 4; lastKnownFileType = sourcecode.c.objc; path = LimitTextInput.m; sourceTree = "<group>"; };
		3376D76F1B6766FD00B0DE06 /* LimitInputViewController.h */ = {isa = PBXFileReference; fileEncoding = 4; lastKnownFileType = sourcecode.c.h; path = LimitInputViewController.h; sourceTree = "<group>"; };
		3376D7701B6766FD00B0DE06 /* LimitInputViewController.m */ = {isa = PBXFileReference; fileEncoding = 4; lastKnownFileType = sourcecode.c.objc; path = LimitInputViewController.m; sourceTree = "<group>"; };
		33DCA5271EB88746008BFD65 /* UITabBar+Utility.h */ = {isa = PBXFileReference; fileEncoding = 4; lastKnownFileType = sourcecode.c.h; path = "UITabBar+Utility.h"; sourceTree = "<group>"; };
		33DCA5281EB88746008BFD65 /* UITabBar+Utility.m */ = {isa = PBXFileReference; fileEncoding = 4; lastKnownFileType = sourcecode.c.objc; path = "UITabBar+Utility.m"; sourceTree = "<group>"; };
		33E8B5B71BE0A43A00A27367 /* ScrollTextViewController.h */ = {isa = PBXFileReference; fileEncoding = 4; lastKnownFileType = sourcecode.c.h; path = ScrollTextViewController.h; sourceTree = "<group>"; };
		33E8B5B81BE0A43A00A27367 /* ScrollTextViewController.m */ = {isa = PBXFileReference; fileEncoding = 4; lastKnownFileType = sourcecode.c.objc; path = ScrollTextViewController.m; sourceTree = "<group>"; };
		33ECBDF11F304C7E0063A3A8 /* DLApi.h */ = {isa = PBXFileReference; fileEncoding = 4; lastKnownFileType = sourcecode.c.h; path = DLApi.h; sourceTree = "<group>"; };
		33ECBDF21F304C7E0063A3A8 /* DLApi.m */ = {isa = PBXFileReference; fileEncoding = 4; lastKnownFileType = sourcecode.c.objc; path = DLApi.m; sourceTree = "<group>"; };
		33ECBDF41F304EB90063A3A8 /* DLApiObject.h */ = {isa = PBXFileReference; fileEncoding = 4; lastKnownFileType = sourcecode.c.h; path = DLApiObject.h; sourceTree = "<group>"; };
		33ECBDF51F304EB90063A3A8 /* DLApiObject.m */ = {isa = PBXFileReference; fileEncoding = 4; lastKnownFileType = sourcecode.c.objc; path = DLApiObject.m; sourceTree = "<group>"; };
		33F0B4781D88EC60002A63E6 /* NetworkTest.h */ = {isa = PBXFileReference; fileEncoding = 4; lastKnownFileType = sourcecode.c.h; path = NetworkTest.h; sourceTree = "<group>"; };
		33F0B4791D88EC60002A63E6 /* NetworkTest.m */ = {isa = PBXFileReference; fileEncoding = 4; lastKnownFileType = sourcecode.c.objc; path = NetworkTest.m; sourceTree = "<group>"; };
		33F0B47E1D8926C7002A63E6 /* ftserver.cer */ = {isa = PBXFileReference; lastKnownFileType = file; path = ftserver.cer; sourceTree = "<group>"; };
		33FCCA6B1DD9A2130001BD27 /* WebViewController.h */ = {isa = PBXFileReference; fileEncoding = 4; lastKnownFileType = sourcecode.c.h; path = WebViewController.h; sourceTree = "<group>"; };
		33FCCA6C1DD9A2130001BD27 /* WebViewController.m */ = {isa = PBXFileReference; fileEncoding = 4; lastKnownFileType = sourcecode.c.objc; path = WebViewController.m; sourceTree = "<group>"; };
		33FCCA6E1DDAEE1F0001BD27 /* gwmamserver.cer */ = {isa = PBXFileReference; lastKnownFileType = file; path = gwmamserver.cer; sourceTree = "<group>"; };
		33FCD61F1B146919008A0292 /* TestFiles */ = {isa = PBXFileReference; lastKnownFileType = folder; path = TestFiles; sourceTree = "<group>"; };
		33FCD6241B1D37DA008A0292 /* GAndATestViewController.h */ = {isa = PBXFileReference; fileEncoding = 4; lastKnownFileType = sourcecode.c.h; path = GAndATestViewController.h; sourceTree = "<group>"; };
		33FCD6251B1D37DA008A0292 /* GAndATestViewController.m */ = {isa = PBXFileReference; fileEncoding = 4; lastKnownFileType = sourcecode.c.objc; path = GAndATestViewController.m; sourceTree = "<group>"; };
		33FCD6271B1D3833008A0292 /* GraphicsTestView.h */ = {isa = PBXFileReference; fileEncoding = 4; lastKnownFileType = sourcecode.c.h; path = GraphicsTestView.h; sourceTree = "<group>"; };
		33FCD6281B1D3833008A0292 /* GraphicsTestView.m */ = {isa = PBXFileReference; fileEncoding = 4; lastKnownFileType = sourcecode.c.objc; path = GraphicsTestView.m; sourceTree = "<group>"; };
		33FCD62A1B1D3843008A0292 /* AnimationTestView.h */ = {isa = PBXFileReference; fileEncoding = 4; lastKnownFileType = sourcecode.c.h; path = AnimationTestView.h; sourceTree = "<group>"; };
		33FCD62B1B1D3843008A0292 /* AnimationTestView.m */ = {isa = PBXFileReference; fileEncoding = 4; lastKnownFileType = sourcecode.c.objc; path = AnimationTestView.m; sourceTree = "<group>"; };
		5AC49E93A86483F91B43BF97 /* Pods-TestDemo.release.xcconfig */ = {isa = PBXFileReference; includeInIndex = 1; lastKnownFileType = text.xcconfig; name = "Pods-TestDemo.release.xcconfig"; path = "Pods/Target Support Files/Pods-TestDemo/Pods-TestDemo.release.xcconfig"; sourceTree = "<group>"; };
		698D173C9C8E567866D59F88 /* Pods_TestDemo.framework */ = {isa = PBXFileReference; explicitFileType = wrapper.framework; includeInIndex = 0; path = Pods_TestDemo.framework; sourceTree = BUILT_PRODUCTS_DIR; };
		B574EF661ABBE95C0046F300 /* deleteChar@2x.png */ = {isa = PBXFileReference; lastKnownFileType = image.png; path = "deleteChar@2x.png"; sourceTree = "<group>"; };
		B574EF6A1ABBEA4D0046F300 /* capsLock@2x.png */ = {isa = PBXFileReference; lastKnownFileType = image.png; path = "capsLock@2x.png"; sourceTree = "<group>"; };
		B574EF6E1ABC076C0046F300 /* PlayerViewController.m */ = {isa = PBXFileReference; fileEncoding = 4; lastKnownFileType = sourcecode.c.objc; path = PlayerViewController.m; sourceTree = "<group>"; };
		B574EF741ABFAD470046F300 /* capsLockUpper@2x.png */ = {isa = PBXFileReference; lastKnownFileType = image.png; path = "capsLockUpper@2x.png"; sourceTree = "<group>"; };
		B5A9817E1AB82C3700EDFAD1 /* KeyBoardViewController.h */ = {isa = PBXFileReference; fileEncoding = 4; lastKnownFileType = sourcecode.c.h; path = KeyBoardViewController.h; sourceTree = "<group>"; };
		B5A9817F1AB82C3700EDFAD1 /* KeyBoardViewController.m */ = {isa = PBXFileReference; fileEncoding = 4; lastKnownFileType = sourcecode.c.objc; path = KeyBoardViewController.m; sourceTree = "<group>"; };
		B5A981811AB84A0E00EDFAD1 /* RandomKeyBoardView.h */ = {isa = PBXFileReference; fileEncoding = 4; lastKnownFileType = sourcecode.c.h; path = RandomKeyBoardView.h; sourceTree = "<group>"; };
		B5A981821AB84A0E00EDFAD1 /* RandomKeyBoardView.m */ = {isa = PBXFileReference; fileEncoding = 4; lastKnownFileType = sourcecode.c.objc; path = RandomKeyBoardView.m; sourceTree = "<group>"; };
		C2617A9120916F2500CFEEDD /* HorizontalViewController.h */ = {isa = PBXFileReference; lastKnownFileType = sourcecode.c.h; path = HorizontalViewController.h; sourceTree = "<group>"; };
		C2617A9220916F2500CFEEDD /* HorizontalViewController.m */ = {isa = PBXFileReference; lastKnownFileType = sourcecode.c.objc; path = HorizontalViewController.m; sourceTree = "<group>"; };
		DC46164237DCA7E733FF48F3 /* Pods-TestDemo.debug.xcconfig */ = {isa = PBXFileReference; includeInIndex = 1; lastKnownFileType = text.xcconfig; name = "Pods-TestDemo.debug.xcconfig"; path = "Pods/Target Support Files/Pods-TestDemo/Pods-TestDemo.debug.xcconfig"; sourceTree = "<group>"; };
/* End PBXFileReference section */

/* Begin PBXFrameworksBuildPhase section */
		23927E9F1A7F4538009ABF38 /* Frameworks */ = {
			isa = PBXFrameworksBuildPhase;
			buildActionMask = 2147483647;
			files = (
				336137991E0BCB1B001E4A6E /* SugerNetworkFramework.framework in Frameworks */,
				3318A32A1D52CA2C003FBF6A /* JavaScriptCore.framework in Frameworks */,
				239F7F4A1AA0470600BC7FF1 /* EventKit.framework in Frameworks */,
				239F7F4B1AA0470600BC7FF1 /* EventKitUI.framework in Frameworks */,
				C9D42F76A3677742264BF9A3 /* Pods_TestDemo.framework in Frameworks */,
			);
			runOnlyForDeploymentPostprocessing = 0;
		};
		23927EB21A7F4538009ABF38 /* Frameworks */ = {
			isa = PBXFrameworksBuildPhase;
			buildActionMask = 2147483647;
			files = (
			);
			runOnlyForDeploymentPostprocessing = 0;
		};
/* End PBXFrameworksBuildPhase section */

/* Begin PBXGroup section */
		2345FB261FD782D8003E54A0 /* Algorithm */ = {
			isa = PBXGroup;
			children = (
				2345FB271FD782FA003E54A0 /* AlgorithmTestVC.h */,
				2345FB281FD782FA003E54A0 /* AlgorithmTestVC.m */,
			);
			path = Algorithm;
			sourceTree = "<group>";
		};
		235ECC512051131100BE5DB1 /* BannerView */ = {
			isa = PBXGroup;
			children = (
				23798E2F2051406900FF2934 /* Resource */,
				23798E2320513F7E00FF2934 /* ZYBannerView */,
				235ECC522051256700BE5DB1 /* BannerViewController.h */,
				235ECC532051256700BE5DB1 /* BannerViewController.m */,
			);
			path = BannerView;
			sourceTree = "<group>";
		};
		23798E2320513F7E00FF2934 /* ZYBannerView */ = {
			isa = PBXGroup;
			children = (
				23798E2420513F7E00FF2934 /* ZYBannerCell.h */,
				23798E2520513F7E00FF2934 /* ZYBannerCell.m */,
				23798E2620513F7E00FF2934 /* ZYBannerFooter.h */,
				23798E2720513F7E00FF2934 /* ZYBannerFooter.m */,
				23798E2820513F7E00FF2934 /* ZYBannerView.bundle */,
				23798E2920513F7E00FF2934 /* ZYBannerView.h */,
				23798E2A20513F7E00FF2934 /* ZYBannerView.m */,
			);
			path = ZYBannerView;
			sourceTree = "<group>";
		};
		23798E2F2051406900FF2934 /* Resource */ = {
			isa = PBXGroup;
			children = (
				23798E302051406900FF2934 /* ad_0.jpg */,
				23798E312051406900FF2934 /* ad_1.jpg */,
				23798E322051406900FF2934 /* ad_2.jpg */,
				23798E332051406900FF2934 /* demo.gif */,
			);
			path = Resource;
			sourceTree = "<group>";
		};
		23927E991A7F4538009ABF38 = {
			isa = PBXGroup;
			children = (
				23927EA41A7F4538009ABF38 /* TestDemo */,
				23927EB81A7F4538009ABF38 /* TestDemoTests */,
				239F7F401AA040F500BC7FF1 /* Frameworks */,
				23927EA31A7F4538009ABF38 /* Products */,
				CAA261CCD4A0F6E3D0C42010 /* Pods */,
			);
			sourceTree = "<group>";
		};
		23927EA31A7F4538009ABF38 /* Products */ = {
			isa = PBXGroup;
			children = (
				23927EA21A7F4538009ABF38 /* TestDemo.app */,
				23927EB51A7F4538009ABF38 /* TestDemoTests.xctest */,
			);
			name = Products;
			sourceTree = "<group>";
		};
		23927EA41A7F4538009ABF38 /* TestDemo */ = {
			isa = PBXGroup;
			children = (
				23D1FC01221A5A3500674B4E /* TextInputView */,
				2396EE43220038BD004611FE /* FlowViewDemo */,
				23DB02DC20D393D600DBEAE8 /* SwipCollectionView */,
				C2617A9020916F0C00CFEEDD /* HorizontalView */,
				235ECC512051131100BE5DB1 /* BannerView */,
				23F11E251F7E2DD0004E2649 /* CutImage */,
				33ECBDF01F304C3C0063A3A8 /* OAuth2.0 */,
				33FCCA6A1DD9A1F90001BD27 /* WebViewTest */,
				33E8B5B61BE0A3BA00A27367 /* ScrollTextLabel */,
				3376D7621B67562B00B0DE06 /* LimitTextInput */,
				33FCD6231B1D37AA008A0292 /* GraphicsAndAnimation */,
				33166CAB1B0990940033DE81 /* DLAlertViewTest */,
				B5A9817D1AB82C1E00EDFAD1 /* KeyBoardTest */,
				239F7F501AA06DFA00BC7FF1 /* AVPlayerTest */,
				239F7F431AA042BB00BC7FF1 /* CollectionViewTest */,
				239F7F381AA020A000BC7FF1 /* EventKitTest */,
				239F7F311AA0184100BC7FF1 /* FloatWindow */,
				33F0B4771D88EC04002A63E6 /* NetworkTest */,
				23927EC51A7F457D009ABF38 /* MainViewController.h */,
				23927EC61A7F457D009ABF38 /* MainViewController.m */,
				23927EA91A7F4538009ABF38 /* AppDelegate.h */,
				23927EAA1A7F4538009ABF38 /* AppDelegate.m */,
				2350A11420D9F62F004B9CA0 /* Definition.h */,
				23A0FDA61FFE083400C5ADD0 /* SwiftMix */,
				2345FB261FD782D8003E54A0 /* Algorithm */,
				33DCA5261EB885DA008BFD65 /* Utility */,
				23927EAC1A7F4538009ABF38 /* Images.xcassets */,
				23927EAE1A7F4538009ABF38 /* LaunchScreen.xib */,
				33FCD61F1B146919008A0292 /* TestFiles */,
				23927EA51A7F4538009ABF38 /* Supporting Files */,
			);
			path = TestDemo;
			sourceTree = "<group>";
		};
		23927EA51A7F4538009ABF38 /* Supporting Files */ = {
			isa = PBXGroup;
			children = (
				33FCCA6E1DDAEE1F0001BD27 /* gwmamserver.cer */,
				33F0B47E1D8926C7002A63E6 /* ftserver.cer */,
				23927EA61A7F4538009ABF38 /* Info.plist */,
				23927EA71A7F4538009ABF38 /* main.m */,
				2345FB2A1FD78586003E54A0 /* PrefixHeader.pch */,
			);
			name = "Supporting Files";
			sourceTree = "<group>";
		};
		23927EB81A7F4538009ABF38 /* TestDemoTests */ = {
			isa = PBXGroup;
			children = (
				23927EBB1A7F4538009ABF38 /* TestDemoTests.m */,
				23927EB91A7F4538009ABF38 /* Supporting Files */,
			);
			path = TestDemoTests;
			sourceTree = "<group>";
		};
		23927EB91A7F4538009ABF38 /* Supporting Files */ = {
			isa = PBXGroup;
			children = (
				23927EBA1A7F4538009ABF38 /* Info.plist */,
			);
			name = "Supporting Files";
			sourceTree = "<group>";
		};
		2396EE43220038BD004611FE /* FlowViewDemo */ = {
			isa = PBXGroup;
			children = (
				2396EE4021FF0E82004611FE /* FlowViewController.h */,
				2396EE4121FF0E82004611FE /* FlowViewController.m */,
				2396EE442200390C004611FE /* FlowViewCell.h */,
				2396EE452200390C004611FE /* FlowViewCell.m */,
				2396EE4722003BA0004611FE /* FlowViewLayout.h */,
				2396EE4822003BA0004611FE /* FlowViewLayout.m */,
			);
			path = FlowViewDemo;
			sourceTree = "<group>";
		};
		239F7F311AA0184100BC7FF1 /* FloatWindow */ = {
			isa = PBXGroup;
			children = (
				239F7F351AA018EA00BC7FF1 /* PopView.h */,
				239F7F361AA018EA00BC7FF1 /* PopView.m */,
				239F7F321AA018A600BC7FF1 /* FloatWindowViewController.h */,
				239F7F331AA018A600BC7FF1 /* FloatWindowViewController.m */,
			);
			path = FloatWindow;
			sourceTree = "<group>";
		};
		239F7F381AA020A000BC7FF1 /* EventKitTest */ = {
			isa = PBXGroup;
			children = (
				239F7F391AA020C300BC7FF1 /* EventKitTestViewController.h */,
				239F7F3A1AA020C300BC7FF1 /* EventKitTestViewController.m */,
			);
			path = EventKitTest;
			sourceTree = "<group>";
		};
		239F7F401AA040F500BC7FF1 /* Frameworks */ = {
			isa = PBXGroup;
			children = (
				336137981E0BCB1B001E4A6E /* SugerNetworkFramework.framework */,
				3318A3291D52CA2C003FBF6A /* JavaScriptCore.framework */,
				239F7F3C1AA03ECB00BC7FF1 /* EventKit.framework */,
				239F7F3D1AA03ECB00BC7FF1 /* EventKitUI.framework */,
				698D173C9C8E567866D59F88 /* Pods_TestDemo.framework */,
			);
			name = Frameworks;
			sourceTree = "<group>";
		};
		239F7F431AA042BB00BC7FF1 /* CollectionViewTest */ = {
			isa = PBXGroup;
			children = (
				239F7F471AA043BC00BC7FF1 /* CollectionCell.h */,
				239F7F481AA043BC00BC7FF1 /* CollectionCell.m */,
				239F7F441AA042E100BC7FF1 /* CollectionTestViewController.h */,
				239F7F451AA042E100BC7FF1 /* CollectionTestViewController.m */,
			);
			path = CollectionViewTest;
			sourceTree = "<group>";
		};
		239F7F501AA06DFA00BC7FF1 /* AVPlayerTest */ = {
			isa = PBXGroup;
			children = (
				239BD3111AA5B64F0028ED05 /* playerviewlib.bundle */,
				239F7F511AA06E2D00BC7FF1 /* PlayerView.h */,
				239F7F521AA06E2D00BC7FF1 /* PlayerView.m */,
				239F7F541AA1A05A00BC7FF1 /* PlayerViewController.h */,
				B574EF6E1ABC076C0046F300 /* PlayerViewController.m */,
			);
			path = AVPlayerTest;
			sourceTree = "<group>";
		};
		23A0FDA61FFE083400C5ADD0 /* SwiftMix */ = {
			isa = PBXGroup;
			children = (
				23A0FDA81FFE087300C5ADD0 /* SwiftTest.swift */,
				23A0FDA71FFE087200C5ADD0 /* TestDemo-Bridging-Header.h */,
				23A0FDAA1FFE305700C5ADD0 /* SwiftOCTest.h */,
				23A0FDAB1FFE305700C5ADD0 /* SwiftOCTest.m */,
			);
			path = SwiftMix;
			sourceTree = "<group>";
		};
		23D1FC01221A5A3500674B4E /* TextInputView */ = {
			isa = PBXGroup;
			children = (
				23D1FC02221A5A6C00674B4E /* ZYTextInputView.h */,
				23D1FC03221A5A6C00674B4E /* ZYTextInputView.m */,
				23D1FC05221A5B5F00674B4E /* ZYTextInputViewController.h */,
				23D1FC06221A5B5F00674B4E /* ZYTextInputViewController.m */,
			);
			path = TextInputView;
			sourceTree = "<group>";
		};
		23DB02DC20D393D600DBEAE8 /* SwipCollectionView */ = {
			isa = PBXGroup;
			children = (
				23DB02E420D3943800DBEAE8 /* ZLCSwipeCollectionViewCell.h */,
				23DB02E320D3943800DBEAE8 /* ZLCSwipeCollectionViewCell.m */,
				23DB02E020D3940700DBEAE8 /* SwipCollectionViewCell.h */,
				23DB02E120D3940700DBEAE8 /* SwipCollectionViewCell.m */,
				23DB02DD20D393EE00DBEAE8 /* SwipCollectionViewController.h */,
				23DB02DE20D393EE00DBEAE8 /* SwipCollectionViewController.m */,
				2350A11120D9F574004B9CA0 /* AmountView.h */,
				2350A11220D9F574004B9CA0 /* AmountView.m */,
			);
			path = SwipCollectionView;
			sourceTree = "<group>";
		};
		23F11E251F7E2DD0004E2649 /* CutImage */ = {
			isa = PBXGroup;
			children = (
				23F11E261F7E2DF0004E2649 /* CutImageViewController.h */,
				23F11E271F7E2DF0004E2649 /* CutImageViewController.m */,
				23F11E291F7E3158004E2649 /* CutImageView.h */,
				23F11E2A1F7E3158004E2649 /* CutImageView.m */,
				2325D94E1F8B1337005C4208 /* CutImage.bundle */,
			);
			path = CutImage;
			sourceTree = "<group>";
		};
		33166CAB1B0990940033DE81 /* DLAlertViewTest */ = {
			isa = PBXGroup;
			children = (
				33166CAC1B0990B50033DE81 /* DLAlertViewController.h */,
				33166CAD1B0990B50033DE81 /* DLAlertViewController.m */,
				33166CAF1B09AF6A0033DE81 /* DLAlertView.h */,
				33166CB01B09AF6A0033DE81 /* DLAlertView.m */,
			);
			path = DLAlertViewTest;
			sourceTree = "<group>";
		};
		3376D7621B67562B00B0DE06 /* LimitTextInput */ = {
			isa = PBXGroup;
			children = (
				3376D7631B67564F00B0DE06 /* LimitTextInput.h */,
				3376D7641B67564F00B0DE06 /* LimitTextInput.m */,
				3376D76F1B6766FD00B0DE06 /* LimitInputViewController.h */,
				3376D7701B6766FD00B0DE06 /* LimitInputViewController.m */,
			);
			path = LimitTextInput;
			sourceTree = "<group>";
		};
		33DCA5261EB885DA008BFD65 /* Utility */ = {
			isa = PBXGroup;
			children = (
				33DCA5271EB88746008BFD65 /* UITabBar+Utility.h */,
				33DCA5281EB88746008BFD65 /* UITabBar+Utility.m */,
				23268627212FFC550059AFC3 /* UIControl+JSA.h */,
				23268628212FFC550059AFC3 /* UIControl+JSA.m */,
			);
			path = Utility;
			sourceTree = "<group>";
		};
		33E8B5B61BE0A3BA00A27367 /* ScrollTextLabel */ = {
			isa = PBXGroup;
			children = (
				33E8B5B71BE0A43A00A27367 /* ScrollTextViewController.h */,
				33E8B5B81BE0A43A00A27367 /* ScrollTextViewController.m */,
			);
			path = ScrollTextLabel;
			sourceTree = "<group>";
		};
		33ECBDF01F304C3C0063A3A8 /* OAuth2.0 */ = {
			isa = PBXGroup;
			children = (
				33ECBDF11F304C7E0063A3A8 /* DLApi.h */,
				33ECBDF21F304C7E0063A3A8 /* DLApi.m */,
				33ECBDF41F304EB90063A3A8 /* DLApiObject.h */,
				33ECBDF51F304EB90063A3A8 /* DLApiObject.m */,
			);
			path = OAuth2.0;
			sourceTree = "<group>";
		};
		33F0B4771D88EC04002A63E6 /* NetworkTest */ = {
			isa = PBXGroup;
			children = (
				33F0B4781D88EC60002A63E6 /* NetworkTest.h */,
				33F0B4791D88EC60002A63E6 /* NetworkTest.m */,
			);
			path = NetworkTest;
			sourceTree = "<group>";
		};
		33FCCA6A1DD9A1F90001BD27 /* WebViewTest */ = {
			isa = PBXGroup;
			children = (
				33FCCA6B1DD9A2130001BD27 /* WebViewController.h */,
				33FCCA6C1DD9A2130001BD27 /* WebViewController.m */,
			);
			path = WebViewTest;
			sourceTree = "<group>";
		};
		33FCD6231B1D37AA008A0292 /* GraphicsAndAnimation */ = {
			isa = PBXGroup;
			children = (
				33FCD6241B1D37DA008A0292 /* GAndATestViewController.h */,
				33FCD6251B1D37DA008A0292 /* GAndATestViewController.m */,
				33FCD6271B1D3833008A0292 /* GraphicsTestView.h */,
				33FCD6281B1D3833008A0292 /* GraphicsTestView.m */,
				33FCD62A1B1D3843008A0292 /* AnimationTestView.h */,
				33FCD62B1B1D3843008A0292 /* AnimationTestView.m */,
			);
			path = GraphicsAndAnimation;
			sourceTree = "<group>";
		};
		B574EF631ABBC9E70046F300 /* image */ = {
			isa = PBXGroup;
			children = (
				B574EF741ABFAD470046F300 /* capsLockUpper@2x.png */,
				B574EF6A1ABBEA4D0046F300 /* capsLock@2x.png */,
				B574EF661ABBE95C0046F300 /* deleteChar@2x.png */,
			);
			path = image;
			sourceTree = "<group>";
		};
		B5A9817D1AB82C1E00EDFAD1 /* KeyBoardTest */ = {
			isa = PBXGroup;
			children = (
				B574EF631ABBC9E70046F300 /* image */,
				B5A9817E1AB82C3700EDFAD1 /* KeyBoardViewController.h */,
				B5A9817F1AB82C3700EDFAD1 /* KeyBoardViewController.m */,
				B5A981811AB84A0E00EDFAD1 /* RandomKeyBoardView.h */,
				B5A981821AB84A0E00EDFAD1 /* RandomKeyBoardView.m */,
			);
			path = KeyBoardTest;
			sourceTree = "<group>";
		};
		C2617A9020916F0C00CFEEDD /* HorizontalView */ = {
			isa = PBXGroup;
			children = (
				C2617A9120916F2500CFEEDD /* HorizontalViewController.h */,
				C2617A9220916F2500CFEEDD /* HorizontalViewController.m */,
			);
			path = HorizontalView;
			sourceTree = "<group>";
		};
		CAA261CCD4A0F6E3D0C42010 /* Pods */ = {
			isa = PBXGroup;
			children = (
				DC46164237DCA7E733FF48F3 /* Pods-TestDemo.debug.xcconfig */,
				5AC49E93A86483F91B43BF97 /* Pods-TestDemo.release.xcconfig */,
			);
			name = Pods;
			sourceTree = "<group>";
		};
/* End PBXGroup section */

/* Begin PBXNativeTarget section */
		23927EA11A7F4538009ABF38 /* TestDemo */ = {
			isa = PBXNativeTarget;
			buildConfigurationList = 23927EBF1A7F4538009ABF38 /* Build configuration list for PBXNativeTarget "TestDemo" */;
			buildPhases = (
				153EFC5ED1302C9D6CE792FE /* [CP] Check Pods Manifest.lock */,
				23927E9E1A7F4538009ABF38 /* Sources */,
				23927E9F1A7F4538009ABF38 /* Frameworks */,
				23927EA01A7F4538009ABF38 /* Resources */,
				6EE26B5CD35EA0C77CF96662 /* [CP] Embed Pods Frameworks */,
			);
			buildRules = (
			);
			dependencies = (
			);
			name = TestDemo;
			productName = TestDemo;
			productReference = 23927EA21A7F4538009ABF38 /* TestDemo.app */;
			productType = "com.apple.product-type.application";
		};
		23927EB41A7F4538009ABF38 /* TestDemoTests */ = {
			isa = PBXNativeTarget;
			buildConfigurationList = 23927EC21A7F4538009ABF38 /* Build configuration list for PBXNativeTarget "TestDemoTests" */;
			buildPhases = (
				23927EB11A7F4538009ABF38 /* Sources */,
				23927EB21A7F4538009ABF38 /* Frameworks */,
				23927EB31A7F4538009ABF38 /* Resources */,
			);
			buildRules = (
			);
			dependencies = (
				23927EB71A7F4538009ABF38 /* PBXTargetDependency */,
			);
			name = TestDemoTests;
			productName = TestDemoTests;
			productReference = 23927EB51A7F4538009ABF38 /* TestDemoTests.xctest */;
			productType = "com.apple.product-type.bundle.unit-test";
		};
/* End PBXNativeTarget section */

/* Begin PBXProject section */
		23927E9A1A7F4538009ABF38 /* Project object */ = {
			isa = PBXProject;
			attributes = {
				LastUpgradeCheck = 0610;
				ORGANIZATIONNAME = vane.greenisland;
				TargetAttributes = {
					23927EA11A7F4538009ABF38 = {
						CreatedOnToolsVersion = 6.1.1;
						DevelopmentTeam = 9TKN35AMC4;
						LastSwiftMigration = 0910;
						ProvisioningStyle = Automatic;
						SystemCapabilities = {
							com.apple.InAppPurchase = {
								enabled = 0;
							};
						};
					};
					23927EB41A7F4538009ABF38 = {
						CreatedOnToolsVersion = 6.1.1;
						DevelopmentTeam = 9TKN35AMC4;
						TestTargetID = 23927EA11A7F4538009ABF38;
					};
				};
			};
			buildConfigurationList = 23927E9D1A7F4538009ABF38 /* Build configuration list for PBXProject "TestDemo" */;
			compatibilityVersion = "Xcode 3.2";
			developmentRegion = English;
			hasScannedForEncodings = 0;
			knownRegions = (
				en,
				Base,
			);
			mainGroup = 23927E991A7F4538009ABF38;
			productRefGroup = 23927EA31A7F4538009ABF38 /* Products */;
			projectDirPath = "";
			projectRoot = "";
			targets = (
				23927EA11A7F4538009ABF38 /* TestDemo */,
				23927EB41A7F4538009ABF38 /* TestDemoTests */,
			);
		};
/* End PBXProject section */

/* Begin PBXResourcesBuildPhase section */
		23927EA01A7F4538009ABF38 /* Resources */ = {
			isa = PBXResourcesBuildPhase;
			buildActionMask = 2147483647;
			files = (
				23798E342051406900FF2934 /* ad_0.jpg in Resources */,
				23798E372051406900FF2934 /* demo.gif in Resources */,
				23798E362051406900FF2934 /* ad_2.jpg in Resources */,
				23927EB01A7F4538009ABF38 /* LaunchScreen.xib in Resources */,
				B574EF751ABFAD470046F300 /* capsLockUpper@2x.png in Resources */,
				23798E2D20513F7E00FF2934 /* ZYBannerView.bundle in Resources */,
				33FCD6201B146919008A0292 /* TestFiles in Resources */,
				B574EF6B1ABBEA4D0046F300 /* capsLock@2x.png in Resources */,
				239BD3121AA5B64F0028ED05 /* playerviewlib.bundle in Resources */,
				2325D94F1F8B1337005C4208 /* CutImage.bundle in Resources */,
				33F0B47F1D8926C7002A63E6 /* ftserver.cer in Resources */,
				23798E352051406900FF2934 /* ad_1.jpg in Resources */,
				23927EAD1A7F4538009ABF38 /* Images.xcassets in Resources */,
				33FCCA6F1DDAEE1F0001BD27 /* gwmamserver.cer in Resources */,
				B574EF671ABBE95C0046F300 /* deleteChar@2x.png in Resources */,
			);
			runOnlyForDeploymentPostprocessing = 0;
		};
		23927EB31A7F4538009ABF38 /* Resources */ = {
			isa = PBXResourcesBuildPhase;
			buildActionMask = 2147483647;
			files = (
			);
			runOnlyForDeploymentPostprocessing = 0;
		};
/* End PBXResourcesBuildPhase section */

/* Begin PBXShellScriptBuildPhase section */
		153EFC5ED1302C9D6CE792FE /* [CP] Check Pods Manifest.lock */ = {
			isa = PBXShellScriptBuildPhase;
			buildActionMask = 2147483647;
			files = (
			);
			inputPaths = (
				"${PODS_PODFILE_DIR_PATH}/Podfile.lock",
				"${PODS_ROOT}/Manifest.lock",
			);
			name = "[CP] Check Pods Manifest.lock";
			outputPaths = (
				"$(DERIVED_FILE_DIR)/Pods-TestDemo-checkManifestLockResult.txt",
			);
			runOnlyForDeploymentPostprocessing = 0;
			shellPath = /bin/sh;
			shellScript = "diff \"${PODS_PODFILE_DIR_PATH}/Podfile.lock\" \"${PODS_ROOT}/Manifest.lock\" > /dev/null\nif [ $? != 0 ] ; then\n    # print error to STDERR\n    echo \"error: The sandbox is not in sync with the Podfile.lock. Run 'pod install' or update your CocoaPods installation.\" >&2\n    exit 1\nfi\n# This output is used by Xcode 'outputs' to avoid re-running this script phase.\necho \"SUCCESS\" > \"${SCRIPT_OUTPUT_FILE_0}\"\n";
			showEnvVarsInLog = 0;
		};
		6EE26B5CD35EA0C77CF96662 /* [CP] Embed Pods Frameworks */ = {
			isa = PBXShellScriptBuildPhase;
			buildActionMask = 2147483647;
			files = (
			);
			inputPaths = (
				"${SRCROOT}/Pods/Target Support Files/Pods-TestDemo/Pods-TestDemo-frameworks.sh",
				"${BUILT_PRODUCTS_DIR}/AFNetworking/AFNetworking.framework",
				"${BUILT_PRODUCTS_DIR}/CTMediator/CTMediator.framework",
				"${BUILT_PRODUCTS_DIR}/HandyFrame/HandyFrame.framework",
				"${BUILT_PRODUCTS_DIR}/MJRefresh/MJRefresh.framework",
				"${BUILT_PRODUCTS_DIR}/Masonry/Masonry.framework",
				"${BUILT_PRODUCTS_DIR}/SDWebImage/SDWebImage.framework",
				"${BUILT_PRODUCTS_DIR}/UICollectionView-ARDynamicHeightLayoutCell/UICollectionView_ARDynamicHeightLayoutCell.framework",
				"${BUILT_PRODUCTS_DIR}/YYCache/YYCache.framework",
				"${BUILT_PRODUCTS_DIR}/YYCategories/YYCategories.framework",
				"${BUILT_PRODUCTS_DIR}/YYModel/YYModel.framework",
				"${BUILT_PRODUCTS_DIR}/YYText/YYText.framework",
				"${BUILT_PRODUCTS_DIR}/pop/pop.framework",
			);
			name = "[CP] Embed Pods Frameworks";
			outputPaths = (
				"${TARGET_BUILD_DIR}/${FRAMEWORKS_FOLDER_PATH}/AFNetworking.framework",
				"${TARGET_BUILD_DIR}/${FRAMEWORKS_FOLDER_PATH}/CTMediator.framework",
				"${TARGET_BUILD_DIR}/${FRAMEWORKS_FOLDER_PATH}/HandyFrame.framework",
				"${TARGET_BUILD_DIR}/${FRAMEWORKS_FOLDER_PATH}/MJRefresh.framework",
				"${TARGET_BUILD_DIR}/${FRAMEWORKS_FOLDER_PATH}/Masonry.framework",
				"${TARGET_BUILD_DIR}/${FRAMEWORKS_FOLDER_PATH}/SDWebImage.framework",
				"${TARGET_BUILD_DIR}/${FRAMEWORKS_FOLDER_PATH}/UICollectionView_ARDynamicHeightLayoutCell.framework",
				"${TARGET_BUILD_DIR}/${FRAMEWORKS_FOLDER_PATH}/YYCache.framework",
				"${TARGET_BUILD_DIR}/${FRAMEWORKS_FOLDER_PATH}/YYCategories.framework",
				"${TARGET_BUILD_DIR}/${FRAMEWORKS_FOLDER_PATH}/YYModel.framework",
				"${TARGET_BUILD_DIR}/${FRAMEWORKS_FOLDER_PATH}/YYText.framework",
				"${TARGET_BUILD_DIR}/${FRAMEWORKS_FOLDER_PATH}/pop.framework",
			);
			runOnlyForDeploymentPostprocessing = 0;
			shellPath = /bin/sh;
			shellScript = "\"${SRCROOT}/Pods/Target Support Files/Pods-TestDemo/Pods-TestDemo-frameworks.sh\"\n";
			showEnvVarsInLog = 0;
		};
/* End PBXShellScriptBuildPhase section */

/* Begin PBXSourcesBuildPhase section */
		23927E9E1A7F4538009ABF38 /* Sources */ = {
			isa = PBXSourcesBuildPhase;
			buildActionMask = 2147483647;
			files = (
				B5A981831AB84A0E00EDFAD1 /* RandomKeyBoardView.m in Sources */,
				23927EAB1A7F4538009ABF38 /* AppDelegate.m in Sources */,
				239F7F461AA042E100BC7FF1 /* CollectionTestViewController.m in Sources */,
				B5A981801AB82C3700EDFAD1 /* KeyBoardViewController.m in Sources */,
				2396EE462200390C004611FE /* FlowViewCell.m in Sources */,
				23A0FDAC1FFE305700C5ADD0 /* SwiftOCTest.m in Sources */,
				33DCA5291EB88746008BFD65 /* UITabBar+Utility.m in Sources */,
				33E8B5B91BE0A43A00A27367 /* ScrollTextViewController.m in Sources */,
				23798E2C20513F7E00FF2934 /* ZYBannerFooter.m in Sources */,
				3376D7711B6766FD00B0DE06 /* LimitInputViewController.m in Sources */,
				23927EC71A7F457D009ABF38 /* MainViewController.m in Sources */,
				23268629212FFC550059AFC3 /* UIControl+JSA.m in Sources */,
				B574EF6F1ABC076C0046F300 /* PlayerViewController.m in Sources */,
				33FCD6291B1D3833008A0292 /* GraphicsTestView.m in Sources */,
				3376D7651B67564F00B0DE06 /* LimitTextInput.m in Sources */,
				33ECBDF61F304EB90063A3A8 /* DLApiObject.m in Sources */,
				23798E2B20513F7E00FF2934 /* ZYBannerCell.m in Sources */,
				239F7F3B1AA020C300BC7FF1 /* EventKitTestViewController.m in Sources */,
				235ECC542051256700BE5DB1 /* BannerViewController.m in Sources */,
				23DB02E220D3940700DBEAE8 /* SwipCollectionViewCell.m in Sources */,
				23927EA81A7F4538009ABF38 /* main.m in Sources */,
				33ECBDF31F304C7E0063A3A8 /* DLApi.m in Sources */,
				23DB02DF20D393EE00DBEAE8 /* SwipCollectionViewController.m in Sources */,
				33FCD62C1B1D3843008A0292 /* AnimationTestView.m in Sources */,
				23F11E281F7E2DF0004E2649 /* CutImageViewController.m in Sources */,
				2396EE4922003BA0004611FE /* FlowViewLayout.m in Sources */,
				239F7F341AA018A600BC7FF1 /* FloatWindowViewController.m in Sources */,
				23D1FC07221A5B5F00674B4E /* ZYTextInputViewController.m in Sources */,
				33F0B47A1D88EC60002A63E6 /* NetworkTest.m in Sources */,
				23F11E2B1F7E3158004E2649 /* CutImageView.m in Sources */,
				2350A11320D9F574004B9CA0 /* AmountView.m in Sources */,
				33166CB11B09AF6A0033DE81 /* DLAlertView.m in Sources */,
				23798E2E20513F7E00FF2934 /* ZYBannerView.m in Sources */,
				23A0FDA91FFE087300C5ADD0 /* SwiftTest.swift in Sources */,
				23DB02E520D3943800DBEAE8 /* ZLCSwipeCollectionViewCell.m in Sources */,
				33166CAE1B0990B50033DE81 /* DLAlertViewController.m in Sources */,
				239F7F371AA018EA00BC7FF1 /* PopView.m in Sources */,
				2345FB291FD782FA003E54A0 /* AlgorithmTestVC.m in Sources */,
				33FCD6261B1D37DA008A0292 /* GAndATestViewController.m in Sources */,
				33FCCA6D1DD9A2130001BD27 /* WebViewController.m in Sources */,
				23D1FC04221A5A6C00674B4E /* ZYTextInputView.m in Sources */,
				2396EE4221FF0E82004611FE /* FlowViewController.m in Sources */,
				239F7F531AA06E2D00BC7FF1 /* PlayerView.m in Sources */,
				C2617A9320916F2500CFEEDD /* HorizontalViewController.m in Sources */,
				239F7F491AA043BC00BC7FF1 /* CollectionCell.m in Sources */,
			);
			runOnlyForDeploymentPostprocessing = 0;
		};
		23927EB11A7F4538009ABF38 /* Sources */ = {
			isa = PBXSourcesBuildPhase;
			buildActionMask = 2147483647;
			files = (
				23927EBC1A7F4538009ABF38 /* TestDemoTests.m in Sources */,
			);
			runOnlyForDeploymentPostprocessing = 0;
		};
/* End PBXSourcesBuildPhase section */

/* Begin PBXTargetDependency section */
		23927EB71A7F4538009ABF38 /* PBXTargetDependency */ = {
			isa = PBXTargetDependency;
			target = 23927EA11A7F4538009ABF38 /* TestDemo */;
			targetProxy = 23927EB61A7F4538009ABF38 /* PBXContainerItemProxy */;
		};
/* End PBXTargetDependency section */

/* Begin PBXVariantGroup section */
		23927EAE1A7F4538009ABF38 /* LaunchScreen.xib */ = {
			isa = PBXVariantGroup;
			children = (
				23927EAF1A7F4538009ABF38 /* Base */,
			);
			name = LaunchScreen.xib;
			sourceTree = "<group>";
		};
/* End PBXVariantGroup section */

/* Begin XCBuildConfiguration section */
		23927EBD1A7F4538009ABF38 /* Debug */ = {
			isa = XCBuildConfiguration;
			buildSettings = {
				ALWAYS_SEARCH_USER_PATHS = NO;
				CLANG_CXX_LANGUAGE_STANDARD = "gnu++0x";
				CLANG_CXX_LIBRARY = "libc++";
				CLANG_ENABLE_MODULES = YES;
				CLANG_ENABLE_OBJC_ARC = YES;
				CLANG_WARN_BOOL_CONVERSION = YES;
				CLANG_WARN_CONSTANT_CONVERSION = YES;
				CLANG_WARN_DIRECT_OBJC_ISA_USAGE = YES_ERROR;
				CLANG_WARN_EMPTY_BODY = YES;
				CLANG_WARN_ENUM_CONVERSION = YES;
				CLANG_WARN_INT_CONVERSION = YES;
				CLANG_WARN_OBJC_ROOT_CLASS = YES_ERROR;
				CLANG_WARN_UNREACHABLE_CODE = YES;
				CLANG_WARN__DUPLICATE_METHOD_MATCH = YES;
				"CODE_SIGN_IDENTITY[sdk=iphoneos*]" = "iPhone Developer";
				COPY_PHASE_STRIP = NO;
				ENABLE_STRICT_OBJC_MSGSEND = YES;
				GCC_C_LANGUAGE_STANDARD = gnu99;
				GCC_DYNAMIC_NO_PIC = NO;
				GCC_OPTIMIZATION_LEVEL = 0;
				GCC_PREPROCESSOR_DEFINITIONS = (
					"DEBUG=1",
					"$(inherited)",
				);
				GCC_SYMBOLS_PRIVATE_EXTERN = NO;
				GCC_WARN_64_TO_32_BIT_CONVERSION = YES;
				GCC_WARN_ABOUT_RETURN_TYPE = YES_ERROR;
				GCC_WARN_UNDECLARED_SELECTOR = YES;
				GCC_WARN_UNINITIALIZED_AUTOS = YES_AGGRESSIVE;
				GCC_WARN_UNUSED_FUNCTION = YES;
				GCC_WARN_UNUSED_VARIABLE = YES;
				IPHONEOS_DEPLOYMENT_TARGET = 8.1;
				MTL_ENABLE_DEBUG_INFO = YES;
				ONLY_ACTIVE_ARCH = YES;
				SDKROOT = iphoneos;
			};
			name = Debug;
		};
		23927EBE1A7F4538009ABF38 /* Release */ = {
			isa = XCBuildConfiguration;
			buildSettings = {
				ALWAYS_SEARCH_USER_PATHS = NO;
				CLANG_CXX_LANGUAGE_STANDARD = "gnu++0x";
				CLANG_CXX_LIBRARY = "libc++";
				CLANG_ENABLE_MODULES = YES;
				CLANG_ENABLE_OBJC_ARC = YES;
				CLANG_WARN_BOOL_CONVERSION = YES;
				CLANG_WARN_CONSTANT_CONVERSION = YES;
				CLANG_WARN_DIRECT_OBJC_ISA_USAGE = YES_ERROR;
				CLANG_WARN_EMPTY_BODY = YES;
				CLANG_WARN_ENUM_CONVERSION = YES;
				CLANG_WARN_INT_CONVERSION = YES;
				CLANG_WARN_OBJC_ROOT_CLASS = YES_ERROR;
				CLANG_WARN_UNREACHABLE_CODE = YES;
				CLANG_WARN__DUPLICATE_METHOD_MATCH = YES;
				"CODE_SIGN_IDENTITY[sdk=iphoneos*]" = "iPhone Developer";
				COPY_PHASE_STRIP = YES;
				ENABLE_NS_ASSERTIONS = NO;
				ENABLE_STRICT_OBJC_MSGSEND = YES;
				GCC_C_LANGUAGE_STANDARD = gnu99;
				GCC_WARN_64_TO_32_BIT_CONVERSION = YES;
				GCC_WARN_ABOUT_RETURN_TYPE = YES_ERROR;
				GCC_WARN_UNDECLARED_SELECTOR = YES;
				GCC_WARN_UNINITIALIZED_AUTOS = YES_AGGRESSIVE;
				GCC_WARN_UNUSED_FUNCTION = YES;
				GCC_WARN_UNUSED_VARIABLE = YES;
				IPHONEOS_DEPLOYMENT_TARGET = 8.1;
				MTL_ENABLE_DEBUG_INFO = NO;
				SDKROOT = iphoneos;
				VALIDATE_PRODUCT = YES;
			};
			name = Release;
		};
		23927EC01A7F4538009ABF38 /* Debug */ = {
			isa = XCBuildConfiguration;
			baseConfigurationReference = DC46164237DCA7E733FF48F3 /* Pods-TestDemo.debug.xcconfig */;
			buildSettings = {
				ASSETCATALOG_COMPILER_APPICON_NAME = AppIcon;
				ASSETCATALOG_COMPILER_LAUNCHIMAGE_NAME = LaunchImage;
				CLANG_ENABLE_MODULES = YES;
				CODE_SIGN_IDENTITY = "iPhone Developer";
				"CODE_SIGN_IDENTITY[sdk=iphoneos*]" = "iPhone Developer";
				DEFINES_MODULE = YES;
				DEVELOPMENT_TEAM = 9TKN35AMC4;
				FRAMEWORK_SEARCH_PATHS = (
					"$(inherited)",
					"$(PROJECT_DIR)",
				);
				GCC_PRECOMPILE_PREFIX_HEADER = YES;
				GCC_PREFIX_HEADER = "$(SRCROOT)/TestDemo/PrefixHeader.pch";
				INFOPLIST_FILE = TestDemo/Info.plist;
				IPHONEOS_DEPLOYMENT_TARGET = 8.0;
				LD_RUNPATH_SEARCH_PATHS = "$(inherited) @executable_path/Frameworks";
				ONLY_ACTIVE_ARCH = YES;
				PRODUCT_BUNDLE_IDENTIFIER = vane.Test;
				PRODUCT_NAME = "$(TARGET_NAME)";
				PROVISIONING_PROFILE = "";
				SWIFT_OBJC_BRIDGING_HEADER = "TestDemo/SwiftMix/TestDemo-Bridging-Header.h";
				SWIFT_OPTIMIZATION_LEVEL = "-Onone";
				SWIFT_VERSION = 3.0;
				VALID_ARCHS = "arm64 armv7 armv7s";
			};
			name = Debug;
		};
		23927EC11A7F4538009ABF38 /* Release */ = {
			isa = XCBuildConfiguration;
			baseConfigurationReference = 5AC49E93A86483F91B43BF97 /* Pods-TestDemo.release.xcconfig */;
			buildSettings = {
				ASSETCATALOG_COMPILER_APPICON_NAME = AppIcon;
				ASSETCATALOG_COMPILER_LAUNCHIMAGE_NAME = LaunchImage;
				CLANG_ENABLE_MODULES = YES;
				CODE_SIGN_IDENTITY = "iPhone Developer";
				"CODE_SIGN_IDENTITY[sdk=iphoneos*]" = "iPhone Developer";
				DEFINES_MODULE = YES;
				DEVELOPMENT_TEAM = 9TKN35AMC4;
				FRAMEWORK_SEARCH_PATHS = (
					"$(inherited)",
					"$(PROJECT_DIR)",
				);
				GCC_PRECOMPILE_PREFIX_HEADER = YES;
				GCC_PREFIX_HEADER = "$(SRCROOT)/TestDemo/PrefixHeader.pch";
				INFOPLIST_FILE = TestDemo/Info.plist;
				IPHONEOS_DEPLOYMENT_TARGET = 8.0;
				LD_RUNPATH_SEARCH_PATHS = "$(inherited) @executable_path/Frameworks";
				PRODUCT_BUNDLE_IDENTIFIER = vane.Test;
				PRODUCT_NAME = "$(TARGET_NAME)";
				PROVISIONING_PROFILE = "";
				SWIFT_OBJC_BRIDGING_HEADER = "TestDemo/SwiftMix/TestDemo-Bridging-Header.h";
				SWIFT_VERSION = 3.0;
				VALID_ARCHS = "arm64 armv7 armv7s";
			};
			name = Release;
		};
		23927EC31A7F4538009ABF38 /* Debug */ = {
			isa = XCBuildConfiguration;
			buildSettings = {
				ALWAYS_EMBED_SWIFT_STANDARD_LIBRARIES = YES;
				BUNDLE_LOADER = "$(TEST_HOST)";
				DEVELOPMENT_TEAM = 9TKN35AMC4;
				FRAMEWORK_SEARCH_PATHS = (
					"$(SDKROOT)/Developer/Library/Frameworks",
					"$(inherited)",
				);
				GCC_PREPROCESSOR_DEFINITIONS = (
					"DEBUG=1",
					"$(inherited)",
				);
				INFOPLIST_FILE = TestDemoTests/Info.plist;
				LD_RUNPATH_SEARCH_PATHS = "$(inherited) @executable_path/Frameworks @loader_path/Frameworks";
				PRODUCT_NAME = "$(TARGET_NAME)";
				TEST_HOST = "$(BUILT_PRODUCTS_DIR)/TestDemo.app/TestDemo";
			};
			name = Debug;
		};
		23927EC41A7F4538009ABF38 /* Release */ = {
			isa = XCBuildConfiguration;
			buildSettings = {
				ALWAYS_EMBED_SWIFT_STANDARD_LIBRARIES = YES;
				BUNDLE_LOADER = "$(TEST_HOST)";
				DEVELOPMENT_TEAM = 9TKN35AMC4;
				FRAMEWORK_SEARCH_PATHS = (
					"$(SDKROOT)/Developer/Library/Frameworks",
					"$(inherited)",
				);
				INFOPLIST_FILE = TestDemoTests/Info.plist;
				LD_RUNPATH_SEARCH_PATHS = "$(inherited) @executable_path/Frameworks @loader_path/Frameworks";
				PRODUCT_NAME = "$(TARGET_NAME)";
				TEST_HOST = "$(BUILT_PRODUCTS_DIR)/TestDemo.app/TestDemo";
			};
			name = Release;
		};
/* End XCBuildConfiguration section */

/* Begin XCConfigurationList section */
		23927E9D1A7F4538009ABF38 /* Build configuration list for PBXProject "TestDemo" */ = {
			isa = XCConfigurationList;
			buildConfigurations = (
				23927EBD1A7F4538009ABF38 /* Debug */,
				23927EBE1A7F4538009ABF38 /* Release */,
			);
			defaultConfigurationIsVisible = 0;
			defaultConfigurationName = Release;
		};
		23927EBF1A7F4538009ABF38 /* Build configuration list for PBXNativeTarget "TestDemo" */ = {
			isa = XCConfigurationList;
			buildConfigurations = (
				23927EC01A7F4538009ABF38 /* Debug */,
				23927EC11A7F4538009ABF38 /* Release */,
			);
			defaultConfigurationIsVisible = 0;
			defaultConfigurationName = Release;
		};
		23927EC21A7F4538009ABF38 /* Build configuration list for PBXNativeTarget "TestDemoTests" */ = {
			isa = XCConfigurationList;
			buildConfigurations = (
				23927EC31A7F4538009ABF38 /* Debug */,
				23927EC41A7F4538009ABF38 /* Release */,
			);
			defaultConfigurationIsVisible = 0;
			defaultConfigurationName = Release;
		};
/* End XCConfigurationList section */
	};
	rootObject = 23927E9A1A7F4538009ABF38 /* Project object */;
}
